// !$*UTF8*$!
{
	archiveVersion = 1;
	classes = {
	};
	objectVersion = 46;
	objects = {

/* Begin PBXBuildFile section */
		31A320446E0995FE0106BB26 /* Pods_BloodBookTests.framework in Frameworks */ = {isa = PBXBuildFile; fileRef = 93F681788BCD42F65A4FF42F /* Pods_BloodBookTests.framework */; };
		3D78E75CA6D1F5B85A5140CD /* Pods_BloodBook.framework in Frameworks */ = {isa = PBXBuildFile; fileRef = 41612174365D6DA480A4563B /* Pods_BloodBook.framework */; };
		D80619701F0578BA00943C7B /* AppDelegate.swift in Sources */ = {isa = PBXBuildFile; fileRef = D806196F1F0578BA00943C7B /* AppDelegate.swift */; };
		D80619751F0578BA00943C7B /* Main.storyboard in Resources */ = {isa = PBXBuildFile; fileRef = D80619731F0578BA00943C7B /* Main.storyboard */; };
		D80619781F0578BA00943C7B /* BloodBook.xcdatamodeld in Sources */ = {isa = PBXBuildFile; fileRef = D80619761F0578BA00943C7B /* BloodBook.xcdatamodeld */; };
		D806197A1F0578BA00943C7B /* Assets.xcassets in Resources */ = {isa = PBXBuildFile; fileRef = D80619791F0578BA00943C7B /* Assets.xcassets */; };
		D806197D1F0578BA00943C7B /* LaunchScreen.storyboard in Resources */ = {isa = PBXBuildFile; fileRef = D806197B1F0578BA00943C7B /* LaunchScreen.storyboard */; };
		D80619851F057E7400943C7B /* ContactsListViewController.swift in Sources */ = {isa = PBXBuildFile; fileRef = D80619841F057E7400943C7B /* ContactsListViewController.swift */; };
		D80619871F057ED200943C7B /* ContactListCellTableViewCell.swift in Sources */ = {isa = PBXBuildFile; fileRef = D80619861F057ED200943C7B /* ContactListCellTableViewCell.swift */; };
		D843F81C1F10C520004B0604 /* NameInputTableViewCell.swift in Sources */ = {isa = PBXBuildFile; fileRef = D843F81B1F10C520004B0604 /* NameInputTableViewCell.swift */; };
		D88E24721F1948BF00E581D1 /* BloodBookTests.swift in Sources */ = {isa = PBXBuildFile; fileRef = D88E24711F1948BF00E581D1 /* BloodBookTests.swift */; };
		D88E24791F1949B900E581D1 /* DeviceContacts.swift in Sources */ = {isa = PBXBuildFile; fileRef = D8E031791F07F76F00B66DDF /* DeviceContacts.swift */; };
		D88E247B1F1949BE00E581D1 /* ContactsListViewController.swift in Sources */ = {isa = PBXBuildFile; fileRef = D80619841F057E7400943C7B /* ContactsListViewController.swift */; };
		D88E247C1F1949C600E581D1 /* BloodBookViewController.swift in Sources */ = {isa = PBXBuildFile; fileRef = D8CD17551F06A9C900E6D1B5 /* BloodBookViewController.swift */; };
		D88E247D1F1949C800E581D1 /* SettingsViewController.swift in Sources */ = {isa = PBXBuildFile; fileRef = D8CD17581F06A9FC00E6D1B5 /* SettingsViewController.swift */; };
		D88E247E1F1949CA00E581D1 /* ContactsDetailTableViewController.swift in Sources */ = {isa = PBXBuildFile; fileRef = D8EE51781F129A210011B49E /* ContactsDetailTableViewController.swift */; };
		D88E247F1F1949CD00E581D1 /* AddContactViewController.swift in Sources */ = {isa = PBXBuildFile; fileRef = D8E73B311F0959AE00727E01 /* AddContactViewController.swift */; };
		D88E24801F1949DC00E581D1 /* ShowPhoneNumberTableViewCell.swift in Sources */ = {isa = PBXBuildFile; fileRef = D8EE51741F1297240011B49E /* ShowPhoneNumberTableViewCell.swift */; };
		D88E24811F1949DE00E581D1 /* ShowNameTableViewCell.swift in Sources */ = {isa = PBXBuildFile; fileRef = D8EE51721F1296F40011B49E /* ShowNameTableViewCell.swift */; };
		D88E24821F1949E000E581D1 /* ShowBloodGroupTableViewCell.swift in Sources */ = {isa = PBXBuildFile; fileRef = D8EE51701F12969F0011B49E /* ShowBloodGroupTableViewCell.swift */; };
		D88E24831F1949E200E581D1 /* NameInputTableViewCell.swift in Sources */ = {isa = PBXBuildFile; fileRef = D843F81B1F10C520004B0604 /* NameInputTableViewCell.swift */; };
		D88E24841F1949E500E581D1 /* AddBloodGroupTableViewCell.swift in Sources */ = {isa = PBXBuildFile; fileRef = D8F19D101F0ACC7F0044A22C /* AddBloodGroupTableViewCell.swift */; };
		D88E24851F1949E700E581D1 /* FormInputTableViewCell.swift in Sources */ = {isa = PBXBuildFile; fileRef = D8F19D0E1F0AA0A50044A22C /* FormInputTableViewCell.swift */; };
		D88E24861F1949E900E581D1 /* BloodBookTableViewCell.swift in Sources */ = {isa = PBXBuildFile; fileRef = D8CD175D1F06AC4A00E6D1B5 /* BloodBookTableViewCell.swift */; };
		D88E24871F1949EB00E581D1 /* SettingsTableViewCell.swift in Sources */ = {isa = PBXBuildFile; fileRef = D8CD175B1F06AC3700E6D1B5 /* SettingsTableViewCell.swift */; };
		D88E24881F1949ED00E581D1 /* ContactListCellTableViewCell.swift in Sources */ = {isa = PBXBuildFile; fileRef = D80619861F057ED200943C7B /* ContactListCellTableViewCell.swift */; };
		D88E24891F194D0600E581D1 /* AppDelegate.swift in Sources */ = {isa = PBXBuildFile; fileRef = D806196F1F0578BA00943C7B /* AppDelegate.swift */; };
		D8CD17561F06A9C900E6D1B5 /* BloodBookViewController.swift in Sources */ = {isa = PBXBuildFile; fileRef = D8CD17551F06A9C900E6D1B5 /* BloodBookViewController.swift */; };
		D8CD17591F06A9FC00E6D1B5 /* SettingsViewController.swift in Sources */ = {isa = PBXBuildFile; fileRef = D8CD17581F06A9FC00E6D1B5 /* SettingsViewController.swift */; };
		D8CD175C1F06AC3700E6D1B5 /* SettingsTableViewCell.swift in Sources */ = {isa = PBXBuildFile; fileRef = D8CD175B1F06AC3700E6D1B5 /* SettingsTableViewCell.swift */; };
		D8CD175E1F06AC4A00E6D1B5 /* BloodBookTableViewCell.swift in Sources */ = {isa = PBXBuildFile; fileRef = D8CD175D1F06AC4A00E6D1B5 /* BloodBookTableViewCell.swift */; };
		D8E0317A1F07F76F00B66DDF /* DeviceContacts.swift in Sources */ = {isa = PBXBuildFile; fileRef = D8E031791F07F76F00B66DDF /* DeviceContacts.swift */; };
		D8E73B321F0959AE00727E01 /* AddContactViewController.swift in Sources */ = {isa = PBXBuildFile; fileRef = D8E73B311F0959AE00727E01 /* AddContactViewController.swift */; };
		D8EE51711F12969F0011B49E /* ShowBloodGroupTableViewCell.swift in Sources */ = {isa = PBXBuildFile; fileRef = D8EE51701F12969F0011B49E /* ShowBloodGroupTableViewCell.swift */; };
		D8EE51731F1296F40011B49E /* ShowNameTableViewCell.swift in Sources */ = {isa = PBXBuildFile; fileRef = D8EE51721F1296F40011B49E /* ShowNameTableViewCell.swift */; };
		D8EE51751F1297240011B49E /* ShowPhoneNumberTableViewCell.swift in Sources */ = {isa = PBXBuildFile; fileRef = D8EE51741F1297240011B49E /* ShowPhoneNumberTableViewCell.swift */; };
		D8EE51791F129A210011B49E /* ContactsDetailTableViewController.swift in Sources */ = {isa = PBXBuildFile; fileRef = D8EE51781F129A210011B49E /* ContactsDetailTableViewController.swift */; };
		D8F19D0F1F0AA0A50044A22C /* FormInputTableViewCell.swift in Sources */ = {isa = PBXBuildFile; fileRef = D8F19D0E1F0AA0A50044A22C /* FormInputTableViewCell.swift */; };
		D8F19D111F0ACC7F0044A22C /* AddBloodGroupTableViewCell.swift in Sources */ = {isa = PBXBuildFile; fileRef = D8F19D101F0ACC7F0044A22C /* AddBloodGroupTableViewCell.swift */; };
/* End PBXBuildFile section */

/* Begin PBXContainerItemProxy section */
		D88E24741F1948BF00E581D1 /* PBXContainerItemProxy */ = {
			isa = PBXContainerItemProxy;
			containerPortal = D80619641F0578BA00943C7B /* Project object */;
			proxyType = 1;
			remoteGlobalIDString = D806196B1F0578BA00943C7B;
			remoteInfo = BloodBook;
		};
/* End PBXContainerItemProxy section */

/* Begin PBXCopyFilesBuildPhase section */
		D8B071B91F1911070041521F /* Embed Frameworks */ = {
			isa = PBXCopyFilesBuildPhase;
			buildActionMask = 2147483647;
			dstPath = "";
			dstSubfolderSpec = 10;
			files = (
			);
			name = "Embed Frameworks";
			runOnlyForDeploymentPostprocessing = 0;
		};
/* End PBXCopyFilesBuildPhase section */

/* Begin PBXFileReference section */
		115EB615AB66681B213DB322 /* Pods-BloodBook.debug.xcconfig */ = {isa = PBXFileReference; includeInIndex = 1; lastKnownFileType = text.xcconfig; name = "Pods-BloodBook.debug.xcconfig"; path = "Pods/Target Support Files/Pods-BloodBook/Pods-BloodBook.debug.xcconfig"; sourceTree = "<group>"; };
		41612174365D6DA480A4563B /* Pods_BloodBook.framework */ = {isa = PBXFileReference; explicitFileType = wrapper.framework; includeInIndex = 0; path = Pods_BloodBook.framework; sourceTree = BUILT_PRODUCTS_DIR; };
		8418B93DE0A063014D079A75 /* Pods-BloodBook.release.xcconfig */ = {isa = PBXFileReference; includeInIndex = 1; lastKnownFileType = text.xcconfig; name = "Pods-BloodBook.release.xcconfig"; path = "Pods/Target Support Files/Pods-BloodBook/Pods-BloodBook.release.xcconfig"; sourceTree = "<group>"; };
		93F681788BCD42F65A4FF42F /* Pods_BloodBookTests.framework */ = {isa = PBXFileReference; explicitFileType = wrapper.framework; includeInIndex = 0; path = Pods_BloodBookTests.framework; sourceTree = BUILT_PRODUCTS_DIR; };
		9FF588A7A25395CF96D6AABE /* Pods-BloodBookTests.release.xcconfig */ = {isa = PBXFileReference; includeInIndex = 1; lastKnownFileType = text.xcconfig; name = "Pods-BloodBookTests.release.xcconfig"; path = "Pods/Target Support Files/Pods-BloodBookTests/Pods-BloodBookTests.release.xcconfig"; sourceTree = "<group>"; };
		D806196C1F0578BA00943C7B /* BloodBook.app */ = {isa = PBXFileReference; explicitFileType = wrapper.application; includeInIndex = 0; path = BloodBook.app; sourceTree = BUILT_PRODUCTS_DIR; };
		D806196F1F0578BA00943C7B /* AppDelegate.swift */ = {isa = PBXFileReference; lastKnownFileType = sourcecode.swift; path = AppDelegate.swift; sourceTree = "<group>"; };
		D80619741F0578BA00943C7B /* Base */ = {isa = PBXFileReference; lastKnownFileType = file.storyboard; name = Base; path = Base.lproj/Main.storyboard; sourceTree = "<group>"; };
		D80619771F0578BA00943C7B /* BloodBook.xcdatamodel */ = {isa = PBXFileReference; lastKnownFileType = wrapper.xcdatamodel; path = BloodBook.xcdatamodel; sourceTree = "<group>"; };
		D80619791F0578BA00943C7B /* Assets.xcassets */ = {isa = PBXFileReference; lastKnownFileType = folder.assetcatalog; path = Assets.xcassets; sourceTree = "<group>"; };
		D806197C1F0578BA00943C7B /* Base */ = {isa = PBXFileReference; lastKnownFileType = file.storyboard; name = Base; path = Base.lproj/LaunchScreen.storyboard; sourceTree = "<group>"; };
		D806197E1F0578BA00943C7B /* Info.plist */ = {isa = PBXFileReference; lastKnownFileType = text.plist.xml; path = Info.plist; sourceTree = "<group>"; };
		D80619841F057E7400943C7B /* ContactsListViewController.swift */ = {isa = PBXFileReference; fileEncoding = 4; lastKnownFileType = sourcecode.swift; path = ContactsListViewController.swift; sourceTree = "<group>"; };
		D80619861F057ED200943C7B /* ContactListCellTableViewCell.swift */ = {isa = PBXFileReference; fileEncoding = 4; lastKnownFileType = sourcecode.swift; path = ContactListCellTableViewCell.swift; sourceTree = "<group>"; };
		D843F81B1F10C520004B0604 /* NameInputTableViewCell.swift */ = {isa = PBXFileReference; fileEncoding = 4; lastKnownFileType = sourcecode.swift; path = NameInputTableViewCell.swift; sourceTree = "<group>"; };
		D88E246F1F1948BF00E581D1 /* BloodBookTests.xctest */ = {isa = PBXFileReference; explicitFileType = wrapper.cfbundle; includeInIndex = 0; path = BloodBookTests.xctest; sourceTree = BUILT_PRODUCTS_DIR; };
		D88E24711F1948BF00E581D1 /* BloodBookTests.swift */ = {isa = PBXFileReference; lastKnownFileType = sourcecode.swift; path = BloodBookTests.swift; sourceTree = "<group>"; };
		D88E24731F1948BF00E581D1 /* Info.plist */ = {isa = PBXFileReference; lastKnownFileType = text.plist.xml; path = Info.plist; sourceTree = "<group>"; };
		D8CD17551F06A9C900E6D1B5 /* BloodBookViewController.swift */ = {isa = PBXFileReference; fileEncoding = 4; lastKnownFileType = sourcecode.swift; path = BloodBookViewController.swift; sourceTree = "<group>"; };
		D8CD17581F06A9FC00E6D1B5 /* SettingsViewController.swift */ = {isa = PBXFileReference; fileEncoding = 4; lastKnownFileType = sourcecode.swift; path = SettingsViewController.swift; sourceTree = "<group>"; };
		D8CD175B1F06AC3700E6D1B5 /* SettingsTableViewCell.swift */ = {isa = PBXFileReference; fileEncoding = 4; lastKnownFileType = sourcecode.swift; path = SettingsTableViewCell.swift; sourceTree = "<group>"; };
		D8CD175D1F06AC4A00E6D1B5 /* BloodBookTableViewCell.swift */ = {isa = PBXFileReference; fileEncoding = 4; lastKnownFileType = sourcecode.swift; path = BloodBookTableViewCell.swift; sourceTree = "<group>"; };
		D8E031791F07F76F00B66DDF /* DeviceContacts.swift */ = {isa = PBXFileReference; fileEncoding = 4; lastKnownFileType = sourcecode.swift; path = DeviceContacts.swift; sourceTree = "<group>"; };
		D8E73B311F0959AE00727E01 /* AddContactViewController.swift */ = {isa = PBXFileReference; fileEncoding = 4; lastKnownFileType = sourcecode.swift; path = AddContactViewController.swift; sourceTree = "<group>"; };
		D8EE51701F12969F0011B49E /* ShowBloodGroupTableViewCell.swift */ = {isa = PBXFileReference; fileEncoding = 4; lastKnownFileType = sourcecode.swift; path = ShowBloodGroupTableViewCell.swift; sourceTree = "<group>"; };
		D8EE51721F1296F40011B49E /* ShowNameTableViewCell.swift */ = {isa = PBXFileReference; fileEncoding = 4; lastKnownFileType = sourcecode.swift; path = ShowNameTableViewCell.swift; sourceTree = "<group>"; };
		D8EE51741F1297240011B49E /* ShowPhoneNumberTableViewCell.swift */ = {isa = PBXFileReference; fileEncoding = 4; lastKnownFileType = sourcecode.swift; path = ShowPhoneNumberTableViewCell.swift; sourceTree = "<group>"; };
		D8EE51781F129A210011B49E /* ContactsDetailTableViewController.swift */ = {isa = PBXFileReference; fileEncoding = 4; lastKnownFileType = sourcecode.swift; path = ContactsDetailTableViewController.swift; sourceTree = "<group>"; };
		D8F19D0E1F0AA0A50044A22C /* FormInputTableViewCell.swift */ = {isa = PBXFileReference; fileEncoding = 4; lastKnownFileType = sourcecode.swift; path = FormInputTableViewCell.swift; sourceTree = "<group>"; };
		D8F19D101F0ACC7F0044A22C /* AddBloodGroupTableViewCell.swift */ = {isa = PBXFileReference; fileEncoding = 4; lastKnownFileType = sourcecode.swift; path = AddBloodGroupTableViewCell.swift; sourceTree = "<group>"; };
		DFCE932C1281F0D20923990F /* Pods-BloodBookTests.debug.xcconfig */ = {isa = PBXFileReference; includeInIndex = 1; lastKnownFileType = text.xcconfig; name = "Pods-BloodBookTests.debug.xcconfig"; path = "Pods/Target Support Files/Pods-BloodBookTests/Pods-BloodBookTests.debug.xcconfig"; sourceTree = "<group>"; };
/* End PBXFileReference section */

/* Begin PBXFrameworksBuildPhase section */
		D80619691F0578BA00943C7B /* Frameworks */ = {
			isa = PBXFrameworksBuildPhase;
			buildActionMask = 2147483647;
			files = (
				3D78E75CA6D1F5B85A5140CD /* Pods_BloodBook.framework in Frameworks */,
			);
			runOnlyForDeploymentPostprocessing = 0;
		};
		D88E246C1F1948BF00E581D1 /* Frameworks */ = {
			isa = PBXFrameworksBuildPhase;
			buildActionMask = 2147483647;
			files = (
				31A320446E0995FE0106BB26 /* Pods_BloodBookTests.framework in Frameworks */,
			);
			runOnlyForDeploymentPostprocessing = 0;
		};
/* End PBXFrameworksBuildPhase section */

/* Begin PBXGroup section */
		067D7D17B842CC6A3C1DFA45 /* Frameworks */ = {
			isa = PBXGroup;
			children = (
				41612174365D6DA480A4563B /* Pods_BloodBook.framework */,
				93F681788BCD42F65A4FF42F /* Pods_BloodBookTests.framework */,
			);
			name = Frameworks;
			sourceTree = "<group>";
		};
		505BAA36DCBDDE5D43836A18 /* Pods */ = {
			isa = PBXGroup;
			children = (
				115EB615AB66681B213DB322 /* Pods-BloodBook.debug.xcconfig */,
				8418B93DE0A063014D079A75 /* Pods-BloodBook.release.xcconfig */,
				DFCE932C1281F0D20923990F /* Pods-BloodBookTests.debug.xcconfig */,
				9FF588A7A25395CF96D6AABE /* Pods-BloodBookTests.release.xcconfig */,
			);
			name = Pods;
			sourceTree = "<group>";
		};
		D80619631F0578BA00943C7B = {
			isa = PBXGroup;
			children = (
				D806196E1F0578BA00943C7B /* BloodBook */,
				D88E24701F1948BF00E581D1 /* BloodBookTests */,
				D806196D1F0578BA00943C7B /* Products */,
				505BAA36DCBDDE5D43836A18 /* Pods */,
				067D7D17B842CC6A3C1DFA45 /* Frameworks */,
			);
			sourceTree = "<group>";
		};
		D806196D1F0578BA00943C7B /* Products */ = {
			isa = PBXGroup;
			children = (
				D806196C1F0578BA00943C7B /* BloodBook.app */,
				D88E246F1F1948BF00E581D1 /* BloodBookTests.xctest */,
			);
			name = Products;
			sourceTree = "<group>";
		};
		D806196E1F0578BA00943C7B /* BloodBook */ = {
			isa = PBXGroup;
			children = (
				D806196F1F0578BA00943C7B /* AppDelegate.swift */,
				D8E031791F07F76F00B66DDF /* DeviceContacts.swift */,
				D8CD175A1F06AA0300E6D1B5 /* ViewControllers */,
				D8CD17571F06A9D100E6D1B5 /* CustomCells */,
				D80619731F0578BA00943C7B /* Main.storyboard */,
				D80619791F0578BA00943C7B /* Assets.xcassets */,
				D806197B1F0578BA00943C7B /* LaunchScreen.storyboard */,
				D806197E1F0578BA00943C7B /* Info.plist */,
				D80619761F0578BA00943C7B /* BloodBook.xcdatamodeld */,
			);
			path = BloodBook;
			sourceTree = "<group>";
		};
		D88E24701F1948BF00E581D1 /* BloodBookTests */ = {
			isa = PBXGroup;
			children = (
				D88E24711F1948BF00E581D1 /* BloodBookTests.swift */,
				D88E24731F1948BF00E581D1 /* Info.plist */,
			);
			path = BloodBookTests;
			sourceTree = "<group>";
		};
		D8CD17571F06A9D100E6D1B5 /* CustomCells */ = {
			isa = PBXGroup;
			children = (
				D80619861F057ED200943C7B /* ContactListCellTableViewCell.swift */,
				D8CD175B1F06AC3700E6D1B5 /* SettingsTableViewCell.swift */,
				D8CD175D1F06AC4A00E6D1B5 /* BloodBookTableViewCell.swift */,
				D8F19D0E1F0AA0A50044A22C /* FormInputTableViewCell.swift */,
				D8F19D101F0ACC7F0044A22C /* AddBloodGroupTableViewCell.swift */,
				D843F81B1F10C520004B0604 /* NameInputTableViewCell.swift */,
				D8EE51701F12969F0011B49E /* ShowBloodGroupTableViewCell.swift */,
				D8EE51721F1296F40011B49E /* ShowNameTableViewCell.swift */,
				D8EE51741F1297240011B49E /* ShowPhoneNumberTableViewCell.swift */,
			);
			name = CustomCells;
			sourceTree = "<group>";
		};
		D8CD175A1F06AA0300E6D1B5 /* ViewControllers */ = {
			isa = PBXGroup;
			children = (
				D80619841F057E7400943C7B /* ContactsListViewController.swift */,
				D8CD17551F06A9C900E6D1B5 /* BloodBookViewController.swift */,
				D8CD17581F06A9FC00E6D1B5 /* SettingsViewController.swift */,
				D8E73B311F0959AE00727E01 /* AddContactViewController.swift */,
				D8EE51781F129A210011B49E /* ContactsDetailTableViewController.swift */,
			);
			name = ViewControllers;
			sourceTree = "<group>";
		};
/* End PBXGroup section */

/* Begin PBXNativeTarget section */
		D806196B1F0578BA00943C7B /* BloodBook */ = {
			isa = PBXNativeTarget;
			buildConfigurationList = D80619811F0578BA00943C7B /* Build configuration list for PBXNativeTarget "BloodBook" */;
			buildPhases = (
				91C925F0AFB30BDEA8C2927F /* [CP] Check Pods Manifest.lock */,
				D80619681F0578BA00943C7B /* Sources */,
				D80619691F0578BA00943C7B /* Frameworks */,
				D806196A1F0578BA00943C7B /* Resources */,
				13574351C8B9BF00B62A2869 /* [CP] Embed Pods Frameworks */,
				DA708F62D378D3E080BA3E6F /* [CP] Copy Pods Resources */,
				D8B071B91F1911070041521F /* Embed Frameworks */,
			);
			buildRules = (
			);
			dependencies = (
			);
			name = BloodBook;
			productName = BloodBook;
			productReference = D806196C1F0578BA00943C7B /* BloodBook.app */;
			productType = "com.apple.product-type.application";
		};
		D88E246E1F1948BF00E581D1 /* BloodBookTests */ = {
			isa = PBXNativeTarget;
			buildConfigurationList = D88E24781F1948BF00E581D1 /* Build configuration list for PBXNativeTarget "BloodBookTests" */;
			buildPhases = (
				6CE63DE191235ECF0726A179 /* [CP] Check Pods Manifest.lock */,
				D88E246B1F1948BF00E581D1 /* Sources */,
				D88E246C1F1948BF00E581D1 /* Frameworks */,
				D88E246D1F1948BF00E581D1 /* Resources */,
				C56A27654AF761F711A9B66E /* [CP] Embed Pods Frameworks */,
				BF3C921473080CC3DEBF5F4B /* [CP] Copy Pods Resources */,
			);
			buildRules = (
			);
			dependencies = (
				D88E24751F1948BF00E581D1 /* PBXTargetDependency */,
			);
			name = BloodBookTests;
			productName = BloodBookTests;
			productReference = D88E246F1F1948BF00E581D1 /* BloodBookTests.xctest */;
			productType = "com.apple.product-type.bundle.unit-test";
		};
/* End PBXNativeTarget section */

/* Begin PBXProject section */
		D80619641F0578BA00943C7B /* Project object */ = {
			isa = PBXProject;
			attributes = {
				LastSwiftUpdateCheck = 0830;
				LastUpgradeCheck = 0830;
				ORGANIZATIONNAME = "Tamim Ibn Aman";
				TargetAttributes = {
					D806196B1F0578BA00943C7B = {
						CreatedOnToolsVersion = 8.3;
						DevelopmentTeam = C2ULP5XCLB;
						ProvisioningStyle = Automatic;
					};
					D88E246E1F1948BF00E581D1 = {
						CreatedOnToolsVersion = 8.3;
						DevelopmentTeam = C2ULP5XCLB;
						ProvisioningStyle = Automatic;
						TestTargetID = D806196B1F0578BA00943C7B;
					};
				};
			};
			buildConfigurationList = D80619671F0578BA00943C7B /* Build configuration list for PBXProject "BloodBook" */;
			compatibilityVersion = "Xcode 3.2";
			developmentRegion = English;
			hasScannedForEncodings = 0;
			knownRegions = (
				en,
				Base,
			);
			mainGroup = D80619631F0578BA00943C7B;
			productRefGroup = D806196D1F0578BA00943C7B /* Products */;
			projectDirPath = "";
			projectRoot = "";
			targets = (
				D806196B1F0578BA00943C7B /* BloodBook */,
				D88E246E1F1948BF00E581D1 /* BloodBookTests */,
			);
		};
/* End PBXProject section */

/* Begin PBXResourcesBuildPhase section */
		D806196A1F0578BA00943C7B /* Resources */ = {
			isa = PBXResourcesBuildPhase;
			buildActionMask = 2147483647;
			files = (
				D806197D1F0578BA00943C7B /* LaunchScreen.storyboard in Resources */,
				D806197A1F0578BA00943C7B /* Assets.xcassets in Resources */,
				D80619751F0578BA00943C7B /* Main.storyboard in Resources */,
			);
			runOnlyForDeploymentPostprocessing = 0;
		};
		D88E246D1F1948BF00E581D1 /* Resources */ = {
			isa = PBXResourcesBuildPhase;
			buildActionMask = 2147483647;
			files = (
			);
			runOnlyForDeploymentPostprocessing = 0;
		};
/* End PBXResourcesBuildPhase section */

/* Begin PBXShellScriptBuildPhase section */
		13574351C8B9BF00B62A2869 /* [CP] Embed Pods Frameworks */ = {
			isa = PBXShellScriptBuildPhase;
			buildActionMask = 2147483647;
			files = (
			);
			inputPaths = (
			);
			name = "[CP] Embed Pods Frameworks";
			outputPaths = (
			);
			runOnlyForDeploymentPostprocessing = 0;
			shellPath = /bin/sh;
			shellScript = "\"${SRCROOT}/Pods/Target Support Files/Pods-BloodBook/Pods-BloodBook-frameworks.sh\"\n";
			showEnvVarsInLog = 0;
		};
		6CE63DE191235ECF0726A179 /* [CP] Check Pods Manifest.lock */ = {
			isa = PBXShellScriptBuildPhase;
			buildActionMask = 2147483647;
			files = (
			);
			inputPaths = (
			);
			name = "[CP] Check Pods Manifest.lock";
			outputPaths = (
			);
			runOnlyForDeploymentPostprocessing = 0;
			shellPath = /bin/sh;
			shellScript = "diff \"${PODS_PODFILE_DIR_PATH}/Podfile.lock\" \"${PODS_ROOT}/Manifest.lock\" > /dev/null\nif [ $? != 0 ] ; then\n    # print error to STDERR\n    echo \"error: The sandbox is not in sync with the Podfile.lock. Run 'pod install' or update your CocoaPods installation.\" >&2\n    exit 1\nfi\n";
			showEnvVarsInLog = 0;
		};
		91C925F0AFB30BDEA8C2927F /* [CP] Check Pods Manifest.lock */ = {
			isa = PBXShellScriptBuildPhase;
			buildActionMask = 2147483647;
			files = (
			);
			inputPaths = (
			);
			name = "[CP] Check Pods Manifest.lock";
			outputPaths = (
			);
			runOnlyForDeploymentPostprocessing = 0;
			shellPath = /bin/sh;
			shellScript = "diff \"${PODS_PODFILE_DIR_PATH}/Podfile.lock\" \"${PODS_ROOT}/Manifest.lock\" > /dev/null\nif [ $? != 0 ] ; then\n    # print error to STDERR\n    echo \"error: The sandbox is not in sync with the Podfile.lock. Run 'pod install' or update your CocoaPods installation.\" >&2\n    exit 1\nfi\n";
			showEnvVarsInLog = 0;
		};
		BF3C921473080CC3DEBF5F4B /* [CP] Copy Pods Resources */ = {
			isa = PBXShellScriptBuildPhase;
			buildActionMask = 2147483647;
			files = (
			);
			inputPaths = (
			);
			name = "[CP] Copy Pods Resources";
			outputPaths = (
			);
			runOnlyForDeploymentPostprocessing = 0;
			shellPath = /bin/sh;
			shellScript = "\"${SRCROOT}/Pods/Target Support Files/Pods-BloodBookTests/Pods-BloodBookTests-resources.sh\"\n";
			showEnvVarsInLog = 0;
		};
		C56A27654AF761F711A9B66E /* [CP] Embed Pods Frameworks */ = {
			isa = PBXShellScriptBuildPhase;
			buildActionMask = 2147483647;
			files = (
			);
			inputPaths = (
			);
			name = "[CP] Embed Pods Frameworks";
			outputPaths = (
			);
			runOnlyForDeploymentPostprocessing = 0;
			shellPath = /bin/sh;
			shellScript = "\"${SRCROOT}/Pods/Target Support Files/Pods-BloodBookTests/Pods-BloodBookTests-frameworks.sh\"\n";
			showEnvVarsInLog = 0;
		};
		DA708F62D378D3E080BA3E6F /* [CP] Copy Pods Resources */ = {
			isa = PBXShellScriptBuildPhase;
			buildActionMask = 2147483647;
			files = (
			);
			inputPaths = (
			);
			name = "[CP] Copy Pods Resources";
			outputPaths = (
			);
			runOnlyForDeploymentPostprocessing = 0;
			shellPath = /bin/sh;
			shellScript = "\"${SRCROOT}/Pods/Target Support Files/Pods-BloodBook/Pods-BloodBook-resources.sh\"\n";
			showEnvVarsInLog = 0;
		};
/* End PBXShellScriptBuildPhase section */

/* Begin PBXSourcesBuildPhase section */
		D80619681F0578BA00943C7B /* Sources */ = {
			isa = PBXSourcesBuildPhase;
			buildActionMask = 2147483647;
			files = (
				D8EE51731F1296F40011B49E /* ShowNameTableViewCell.swift in Sources */,
				D80619871F057ED200943C7B /* ContactListCellTableViewCell.swift in Sources */,
				D80619851F057E7400943C7B /* ContactsListViewController.swift in Sources */,
				D8CD17561F06A9C900E6D1B5 /* BloodBookViewController.swift in Sources */,
				D8EE51751F1297240011B49E /* ShowPhoneNumberTableViewCell.swift in Sources */,
				D80619701F0578BA00943C7B /* AppDelegate.swift in Sources */,
				D8F19D111F0ACC7F0044A22C /* AddBloodGroupTableViewCell.swift in Sources */,
				D8E0317A1F07F76F00B66DDF /* DeviceContacts.swift in Sources */,
				D8EE51791F129A210011B49E /* ContactsDetailTableViewController.swift in Sources */,
				D8E73B321F0959AE00727E01 /* AddContactViewController.swift in Sources */,
				D8EE51711F12969F0011B49E /* ShowBloodGroupTableViewCell.swift in Sources */,
				D8CD175C1F06AC3700E6D1B5 /* SettingsTableViewCell.swift in Sources */,
				D8CD175E1F06AC4A00E6D1B5 /* BloodBookTableViewCell.swift in Sources */,
				D8F19D0F1F0AA0A50044A22C /* FormInputTableViewCell.swift in Sources */,
				D80619781F0578BA00943C7B /* BloodBook.xcdatamodeld in Sources */,
				D8CD17591F06A9FC00E6D1B5 /* SettingsViewController.swift in Sources */,
				D843F81C1F10C520004B0604 /* NameInputTableViewCell.swift in Sources */,
			);
			runOnlyForDeploymentPostprocessing = 0;
		};
		D88E246B1F1948BF00E581D1 /* Sources */ = {
			isa = PBXSourcesBuildPhase;
			buildActionMask = 2147483647;
			files = (
				D88E24791F1949B900E581D1 /* DeviceContacts.swift in Sources */,
				D88E24841F1949E500E581D1 /* AddBloodGroupTableViewCell.swift in Sources */,
				D88E247C1F1949C600E581D1 /* BloodBookViewController.swift in Sources */,
				D88E24851F1949E700E581D1 /* FormInputTableViewCell.swift in Sources */,
				D88E24821F1949E000E581D1 /* ShowBloodGroupTableViewCell.swift in Sources */,
				D88E247B1F1949BE00E581D1 /* ContactsListViewController.swift in Sources */,
				D88E24861F1949E900E581D1 /* BloodBookTableViewCell.swift in Sources */,
				D88E24721F1948BF00E581D1 /* BloodBookTests.swift in Sources */,
				D88E24811F1949DE00E581D1 /* ShowNameTableViewCell.swift in Sources */,
				D88E24871F1949EB00E581D1 /* SettingsTableViewCell.swift in Sources */,
				D88E24801F1949DC00E581D1 /* ShowPhoneNumberTableViewCell.swift in Sources */,
				D88E247F1F1949CD00E581D1 /* AddContactViewController.swift in Sources */,
				D88E247E1F1949CA00E581D1 /* ContactsDetailTableViewController.swift in Sources */,
				D88E24881F1949ED00E581D1 /* ContactListCellTableViewCell.swift in Sources */,
				D88E247D1F1949C800E581D1 /* SettingsViewController.swift in Sources */,
				D88E24891F194D0600E581D1 /* AppDelegate.swift in Sources */,
				D88E24831F1949E200E581D1 /* NameInputTableViewCell.swift in Sources */,
			);
			runOnlyForDeploymentPostprocessing = 0;
		};
/* End PBXSourcesBuildPhase section */

/* Begin PBXTargetDependency section */
		D88E24751F1948BF00E581D1 /* PBXTargetDependency */ = {
			isa = PBXTargetDependency;
			target = D806196B1F0578BA00943C7B /* BloodBook */;
			targetProxy = D88E24741F1948BF00E581D1 /* PBXContainerItemProxy */;
		};
/* End PBXTargetDependency section */

/* Begin PBXVariantGroup section */
		D80619731F0578BA00943C7B /* Main.storyboard */ = {
			isa = PBXVariantGroup;
			children = (
				D80619741F0578BA00943C7B /* Base */,
			);
			name = Main.storyboard;
			sourceTree = "<group>";
		};
		D806197B1F0578BA00943C7B /* LaunchScreen.storyboard */ = {
			isa = PBXVariantGroup;
			children = (
				D806197C1F0578BA00943C7B /* Base */,
			);
			name = LaunchScreen.storyboard;
			sourceTree = "<group>";
		};
/* End PBXVariantGroup section */

/* Begin XCBuildConfiguration section */
		D806197F1F0578BA00943C7B /* Debug */ = {
			isa = XCBuildConfiguration;
			buildSettings = {
				ALWAYS_SEARCH_USER_PATHS = NO;
				CLANG_ANALYZER_NONNULL = YES;
				CLANG_ANALYZER_NUMBER_OBJECT_CONVERSION = YES_AGGRESSIVE;
				CLANG_CXX_LANGUAGE_STANDARD = "gnu++0x";
				CLANG_CXX_LIBRARY = "libc++";
				CLANG_ENABLE_MODULES = YES;
				CLANG_ENABLE_OBJC_ARC = YES;
				CLANG_WARN_BOOL_CONVERSION = YES;
				CLANG_WARN_CONSTANT_CONVERSION = YES;
				CLANG_WARN_DIRECT_OBJC_ISA_USAGE = YES_ERROR;
				CLANG_WARN_DOCUMENTATION_COMMENTS = YES;
				CLANG_WARN_EMPTY_BODY = YES;
				CLANG_WARN_ENUM_CONVERSION = YES;
				CLANG_WARN_INFINITE_RECURSION = YES;
				CLANG_WARN_INT_CONVERSION = YES;
				CLANG_WARN_OBJC_ROOT_CLASS = YES_ERROR;
				CLANG_WARN_SUSPICIOUS_MOVE = YES;
				CLANG_WARN_UNREACHABLE_CODE = YES;
				CLANG_WARN__DUPLICATE_METHOD_MATCH = YES;
				"CODE_SIGN_IDENTITY[sdk=iphoneos*]" = "iPhone Developer";
				COPY_PHASE_STRIP = NO;
				DEBUG_INFORMATION_FORMAT = dwarf;
				ENABLE_STRICT_OBJC_MSGSEND = YES;
				ENABLE_TESTABILITY = YES;
				GCC_C_LANGUAGE_STANDARD = gnu99;
				GCC_DYNAMIC_NO_PIC = NO;
				GCC_NO_COMMON_BLOCKS = YES;
				GCC_OPTIMIZATION_LEVEL = 0;
				GCC_PREPROCESSOR_DEFINITIONS = (
					"DEBUG=1",
					"$(inherited)",
				);
				GCC_WARN_64_TO_32_BIT_CONVERSION = YES;
				GCC_WARN_ABOUT_RETURN_TYPE = YES_ERROR;
				GCC_WARN_UNDECLARED_SELECTOR = YES;
				GCC_WARN_UNINITIALIZED_AUTOS = YES_AGGRESSIVE;
				GCC_WARN_UNUSED_FUNCTION = YES;
				GCC_WARN_UNUSED_VARIABLE = YES;
				IPHONEOS_DEPLOYMENT_TARGET = 10.3;
				MTL_ENABLE_DEBUG_INFO = YES;
				ONLY_ACTIVE_ARCH = YES;
				SDKROOT = iphoneos;
				SWIFT_ACTIVE_COMPILATION_CONDITIONS = DEBUG;
				SWIFT_OPTIMIZATION_LEVEL = "-Onone";
			};
			name = Debug;
		};
		D80619801F0578BA00943C7B /* Release */ = {
			isa = XCBuildConfiguration;
			buildSettings = {
				ALWAYS_SEARCH_USER_PATHS = NO;
				CLANG_ANALYZER_NONNULL = YES;
				CLANG_ANALYZER_NUMBER_OBJECT_CONVERSION = YES_AGGRESSIVE;
				CLANG_CXX_LANGUAGE_STANDARD = "gnu++0x";
				CLANG_CXX_LIBRARY = "libc++";
				CLANG_ENABLE_MODULES = YES;
				CLANG_ENABLE_OBJC_ARC = YES;
				CLANG_WARN_BOOL_CONVERSION = YES;
				CLANG_WARN_CONSTANT_CONVERSION = YES;
				CLANG_WARN_DIRECT_OBJC_ISA_USAGE = YES_ERROR;
				CLANG_WARN_DOCUMENTATION_COMMENTS = YES;
				CLANG_WARN_EMPTY_BODY = YES;
				CLANG_WARN_ENUM_CONVERSION = YES;
				CLANG_WARN_INFINITE_RECURSION = YES;
				CLANG_WARN_INT_CONVERSION = YES;
				CLANG_WARN_OBJC_ROOT_CLASS = YES_ERROR;
				CLANG_WARN_SUSPICIOUS_MOVE = YES;
				CLANG_WARN_UNREACHABLE_CODE = YES;
				CLANG_WARN__DUPLICATE_METHOD_MATCH = YES;
				"CODE_SIGN_IDENTITY[sdk=iphoneos*]" = "iPhone Developer";
				COPY_PHASE_STRIP = NO;
				DEBUG_INFORMATION_FORMAT = "dwarf-with-dsym";
				ENABLE_NS_ASSERTIONS = NO;
				ENABLE_STRICT_OBJC_MSGSEND = YES;
				GCC_C_LANGUAGE_STANDARD = gnu99;
				GCC_NO_COMMON_BLOCKS = YES;
				GCC_WARN_64_TO_32_BIT_CONVERSION = YES;
				GCC_WARN_ABOUT_RETURN_TYPE = YES_ERROR;
				GCC_WARN_UNDECLARED_SELECTOR = YES;
				GCC_WARN_UNINITIALIZED_AUTOS = YES_AGGRESSIVE;
				GCC_WARN_UNUSED_FUNCTION = YES;
				GCC_WARN_UNUSED_VARIABLE = YES;
				IPHONEOS_DEPLOYMENT_TARGET = 10.3;
				MTL_ENABLE_DEBUG_INFO = NO;
				SDKROOT = iphoneos;
				SWIFT_OPTIMIZATION_LEVEL = "-Owholemodule";
				VALIDATE_PRODUCT = YES;
			};
			name = Release;
		};
		D80619821F0578BA00943C7B /* Debug */ = {
			isa = XCBuildConfiguration;
			baseConfigurationReference = 115EB615AB66681B213DB322 /* Pods-BloodBook.debug.xcconfig */;
			buildSettings = {
				ASSETCATALOG_COMPILER_APPICON_NAME = AppIcon;
				DEVELOPMENT_TEAM = C2ULP5XCLB;
				INFOPLIST_FILE = BloodBook/Info.plist;
				LD_RUNPATH_SEARCH_PATHS = "$(inherited) @executable_path/Frameworks";
				PRODUCT_BUNDLE_IDENTIFIER = com.tamim.BloodBook;
				PRODUCT_NAME = "$(TARGET_NAME)";
				SWIFT_VERSION = 3.0;
				TARGETED_DEVICE_FAMILY = 1;
			};
			name = Debug;
		};
		D80619831F0578BA00943C7B /* Release */ = {
			isa = XCBuildConfiguration;
			baseConfigurationReference = 8418B93DE0A063014D079A75 /* Pods-BloodBook.release.xcconfig */;
			buildSettings = {
				ASSETCATALOG_COMPILER_APPICON_NAME = AppIcon;
				DEVELOPMENT_TEAM = C2ULP5XCLB;
				INFOPLIST_FILE = BloodBook/Info.plist;
				LD_RUNPATH_SEARCH_PATHS = "$(inherited) @executable_path/Frameworks";
				PRODUCT_BUNDLE_IDENTIFIER = com.tamim.BloodBook;
				PRODUCT_NAME = "$(TARGET_NAME)";
				SWIFT_VERSION = 3.0;
				TARGETED_DEVICE_FAMILY = 1;
			};
			name = Release;
		};
		D88E24761F1948BF00E581D1 /* Debug */ = {
			isa = XCBuildConfiguration;
			baseConfigurationReference = DFCE932C1281F0D20923990F /* Pods-BloodBookTests.debug.xcconfig */;
			buildSettings = {
				BUNDLE_LOADER = "$(TEST_HOST)";
				DEVELOPMENT_TEAM = C2ULP5XCLB;
				INFOPLIST_FILE = BloodBookTests/Info.plist;
				LD_RUNPATH_SEARCH_PATHS = "$(inherited) @executable_path/Frameworks @loader_path/Frameworks";
				PRODUCT_BUNDLE_IDENTIFIER = com.tamim.BloodBookTests;
				PRODUCT_NAME = "$(TARGET_NAME)";
				SWIFT_VERSION = 3.0;
				TEST_HOST = "$(BUILT_PRODUCTS_DIR)/BloodBook.app/BloodBook";
			};
			name = Debug;
		};
		D88E24771F1948BF00E581D1 /* Release */ = {
			isa = XCBuildConfiguration;
			baseConfigurationReference = 9FF588A7A25395CF96D6AABE /* Pods-BloodBookTests.release.xcconfig */;
			buildSettings = {
				BUNDLE_LOADER = "$(TEST_HOST)";
				DEVELOPMENT_TEAM = C2ULP5XCLB;
				INFOPLIST_FILE = BloodBookTests/Info.plist;
				LD_RUNPATH_SEARCH_PATHS = "$(inherited) @executable_path/Frameworks @loader_path/Frameworks";
				PRODUCT_BUNDLE_IDENTIFIER = com.tamim.BloodBookTests;
				PRODUCT_NAME = "$(TARGET_NAME)";
				SWIFT_VERSION = 3.0;
				TEST_HOST = "$(BUILT_PRODUCTS_DIR)/BloodBook.app/BloodBook";
			};
			name = Release;
		};
/* End XCBuildConfiguration section */

/* Begin XCConfigurationList section */
		D80619671F0578BA00943C7B /* Build configuration list for PBXProject "BloodBook" */ = {
			isa = XCConfigurationList;
			buildConfigurations = (
				D806197F1F0578BA00943C7B /* Debug */,
				D80619801F0578BA00943C7B /* Release */,
			);
			defaultConfigurationIsVisible = 0;
			defaultConfigurationName = Release;
		};
		D80619811F0578BA00943C7B /* Build configuration list for PBXNativeTarget "BloodBook" */ = {
			isa = XCConfigurationList;
			buildConfigurations = (
				D80619821F0578BA00943C7B /* Debug */,
				D80619831F0578BA00943C7B /* Release */,
			);
			defaultConfigurationIsVisible = 0;
			defaultConfigurationName = Release;
		};
		D88E24781F1948BF00E581D1 /* Build configuration list for PBXNativeTarget "BloodBookTests" */ = {
			isa = XCConfigurationList;
			buildConfigurations = (
				D88E24761F1948BF00E581D1 /* Debug */,
				D88E24771F1948BF00E581D1 /* Release */,
			);
			defaultConfigurationIsVisible = 0;
		};
/* End XCConfigurationList section */

/* Begin XCVersionGroup section */
		D80619761F0578BA00943C7B /* BloodBook.xcdatamodeld */ = {
			isa = XCVersionGroup;
			children = (
				D80619771F0578BA00943C7B /* BloodBook.xcdatamodel */,
			);
			currentVersion = D80619771F0578BA00943C7B /* BloodBook.xcdatamodel */;
			path = BloodBook.xcdatamodeld;
			sourceTree = "<group>";
			versionGroupType = wrapper.xcdatamodel;
		};
/* End XCVersionGroup section */
	};
	rootObject = D80619641F0578BA00943C7B /* Project object */;
}
